Microsoft Visual Studio Solution File, Format Version 12.00
# Visual Studio Version 17
VisualStudioVersion = 17.5.2.0
MinimumVisualStudioVersion = 10.0.40219.1
Project("{FAE04EC0-301F-11D3-BF4B-00C04F79EFBC}") = "static_member", "static_member.csproj", "{6799FA49-F40D-1F41-50E5-36A0413A683E}"
EndProject
Global
	GlobalSection(SolutionConfigurationPlatforms) = preSolution
		Debug|Any CPU = Debug|Any CPU
		Release|Any CPU = Release|Any CPU
	EndGlobalSection
	GlobalSection(ProjectConfigurationPlatforms) = postSolution
		{6799FA49-F40D-1F41-50E5-36A0413A683E}.Debug|Any CPU.ActiveCfg = Debug|Any CPU
		{6799FA49-F40D-1F41-50E5-36A0413A683E}.Debug|Any CPU.Build.0 = Debug|Any CPU
		{6799FA49-F40D-1F41-50E5-36A0413A683E}.Release|Any CPU.ActiveCfg = Release|Any CPU
		{6799FA49-F40D-1F41-50E5-36A0413A683E}.Release|Any CPU.Build.0 = Release|Any CPU
	EndGlobalSection
	GlobalSection(SolutionProperties) = preSolution
		HideSolutionNode = FALSE
	EndGlobalSection
	GlobalSection(ExtensibilityGlobals) = postSolution
		SolutionGuid = {F711FC05-80A0-476F-B33B-3AAEBF879F26}
	EndGlobalSection
EndGlobal
