Microsoft Visual Studio Solution File, Format Version 12.00
# Visual Studio Version 17
VisualStudioVersion = 17.5.2.0
MinimumVisualStudioVersion = 10.0.40219.1
Project("{FAE04EC0-301F-11D3-BF4B-00C04F79EFBC}") = "PosNeg", "PosNeg.csproj", "{B3321752-CF4D-423F-14E7-501955276D78}"
EndProject
Global
	GlobalSection(SolutionConfigurationPlatforms) = preSolution
		Debug|Any CPU = Debug|Any CPU
		Release|Any CPU = Release|Any CPU
	EndGlobalSection
	GlobalSection(ProjectConfigurationPlatforms) = postSolution
		{B3321752-CF4D-423F-14E7-501955276D78}.Debug|Any CPU.ActiveCfg = Debug|Any CPU
		{B3321752-CF4D-423F-14E7-501955276D78}.Debug|Any CPU.Build.0 = Debug|Any CPU
		{B3321752-CF4D-423F-14E7-501955276D78}.Release|Any CPU.ActiveCfg = Release|Any CPU
		{B3321752-CF4D-423F-14E7-501955276D78}.Release|Any CPU.Build.0 = Release|Any CPU
	EndGlobalSection
	GlobalSection(SolutionProperties) = preSolution
		HideSolutionNode = FALSE
	EndGlobalSection
	GlobalSection(ExtensibilityGlobals) = postSolution
		SolutionGuid = {73A5D8C7-29C2-4FAE-824B-32C95576B465}
	EndGlobalSection
EndGlobal
