Microsoft Visual Studio Solution File, Format Version 12.00
# Visual Studio Version 17
VisualStudioVersion = 17.5.2.0
MinimumVisualStudioVersion = 10.0.40219.1
Project("{FAE04EC0-301F-11D3-BF4B-00C04F79EFBC}") = "taxiBooking1", "taxiBooking1\taxiBooking1.csproj", "{3E2611C7-B33D-253A-CEB7-172ABDF200DE}"
EndProject
Global
	GlobalSection(SolutionConfigurationPlatforms) = preSolution
		Debug|Any CPU = Debug|Any CPU
		Release|Any CPU = Release|Any CPU
	EndGlobalSection
	GlobalSection(ProjectConfigurationPlatforms) = postSolution
		{3E2611C7-B33D-253A-CEB7-172ABDF200DE}.Debug|Any CPU.ActiveCfg = Debug|Any CPU
		{3E2611C7-B33D-253A-CEB7-172ABDF200DE}.Debug|Any CPU.Build.0 = Debug|Any CPU
		{3E2611C7-B33D-253A-CEB7-172ABDF200DE}.Release|Any CPU.ActiveCfg = Release|Any CPU
		{3E2611C7-B33D-253A-CEB7-172ABDF200DE}.Release|Any CPU.Build.0 = Release|Any CPU
	EndGlobalSection
	GlobalSection(SolutionProperties) = preSolution
		HideSolutionNode = FALSE
	EndGlobalSection
	GlobalSection(ExtensibilityGlobals) = postSolution
		SolutionGuid = {608933FE-8963-4AA6-AFE0-12AF8BAF7A11}
	EndGlobalSection
EndGlobal
