Microsoft Visual Studio Solution File, Format Version 12.00
# Visual Studio Version 17
VisualStudioVersion = 17.5.2.0
MinimumVisualStudioVersion = 10.0.40219.1
Project("{FAE04EC0-301F-11D3-BF4B-00C04F79EFBC}") = "Employee.API", "Employee.API\Employee.API.csproj", "{62F3B20B-96B3-F432-A473-E19D5D7FF7A9}"
EndProject
Global
	GlobalSection(SolutionConfigurationPlatforms) = preSolution
		Debug|Any CPU = Debug|Any CPU
		Release|Any CPU = Release|Any CPU
	EndGlobalSection
	GlobalSection(ProjectConfigurationPlatforms) = postSolution
		{62F3B20B-96B3-F432-A473-E19D5D7FF7A9}.Debug|Any CPU.ActiveCfg = Debug|Any CPU
		{62F3B20B-96B3-F432-A473-E19D5D7FF7A9}.Debug|Any CPU.Build.0 = Debug|Any CPU
		{62F3B20B-96B3-F432-A473-E19D5D7FF7A9}.Release|Any CPU.ActiveCfg = Release|Any CPU
		{62F3B20B-96B3-F432-A473-E19D5D7FF7A9}.Release|Any CPU.Build.0 = Release|Any CPU
	EndGlobalSection
	GlobalSection(SolutionProperties) = preSolution
		HideSolutionNode = FALSE
	EndGlobalSection
	GlobalSection(ExtensibilityGlobals) = postSolution
		SolutionGuid = {6AE9EC05-7AB8-4EE5-9835-07A98705B3A4}
	EndGlobalSection
EndGlobal
